
Microsoft Visual Studio Solution File, Format Version 12.00
# Visual Studio Version 17
VisualStudioVersion = 17.8.34330.188
MinimumVisualStudioVersion = 10.0.40219.1
Project("{888888A0-9F3D-457C-B088-3A5042F75D52}") = "GrammarReader", "GrammarReader\GrammarReader.pyproj", "{7FBC5470-C3A8-446C-834A-A267A1194941}"
EndProject
Global
	GlobalSection(SolutionConfigurationPlatforms) = preSolution
		Debug|Any CPU = Debug|Any CPU
		Release|Any CPU = Release|Any CPU
	EndGlobalSection
	GlobalSection(ProjectConfigurationPlatforms) = postSolution
		{7FBC5470-C3A8-446C-834A-A267A1194941}.Debug|Any CPU.ActiveCfg = Debug|Any CPU
		{7FBC5470-C3A8-446C-834A-A267A1194941}.Release|Any CPU.ActiveCfg = Release|Any CPU
	EndGlobalSection
	GlobalSection(SolutionProperties) = preSolution
		HideSolutionNode = FALSE
	EndGlobalSection
	GlobalSection(ExtensibilityGlobals) = postSolution
		SolutionGuid = {1D9C92A4-2F5B-4788-BC77-E92ABDA086F0}
	EndGlobalSection
EndGlobal
