
Microsoft Visual Studio Solution File, Format Version 12.00
# Visual Studio Version 17
VisualStudioVersion = 17.8.34330.188
MinimumVisualStudioVersion = 10.0.40219.1
Project("{888888A0-9F3D-457C-B088-3A5042F75D52}") = "visualizer", "visualizer\visualizer.pyproj", "{98A00A8D-C799-4097-BB7D-CB72886DFA6B}"
EndProject
Global
	GlobalSection(SolutionConfigurationPlatforms) = preSolution
		Debug|Any CPU = Debug|Any CPU
		Release|Any CPU = Release|Any CPU
	EndGlobalSection
	GlobalSection(ProjectConfigurationPlatforms) = postSolution
		{98A00A8D-C799-4097-BB7D-CB72886DFA6B}.Debug|Any CPU.ActiveCfg = Debug|Any CPU
		{98A00A8D-C799-4097-BB7D-CB72886DFA6B}.Release|Any CPU.ActiveCfg = Release|Any CPU
	EndGlobalSection
	GlobalSection(SolutionProperties) = preSolution
		HideSolutionNode = FALSE
	EndGlobalSection
	GlobalSection(ExtensibilityGlobals) = postSolution
		SolutionGuid = {3F2415D8-BFD1-4140-B772-CA7E45DA1435}
	EndGlobalSection
EndGlobal
